
Microsoft Visual Studio Solution File, Format Version 12.00
# Visual Studio 15
VisualStudioVersion = 15.0.27428.2043
MinimumVisualStudioVersion = 10.0.40219.1
Project("{FAE04EC0-301F-11D3-BF4B-00C04F79EFBC}") = "OnlineGroceryAppModel", "OnlineGroceryAppModel\OnlineGroceryAppModel.csproj", "{2D7A540C-08BA-4A71-A52F-31683AAD23AC}"
EndProject
Global
	GlobalSection(SolutionConfigurationPlatforms) = preSolution
		Debug|Any CPU = Debug|Any CPU
		Release|Any CPU = Release|Any CPU
	EndGlobalSection
	GlobalSection(ProjectConfigurationPlatforms) = postSolution
		{2D7A540C-08BA-4A71-A52F-31683AAD23AC}.Debug|Any CPU.ActiveCfg = Debug|Any CPU
		{2D7A540C-08BA-4A71-A52F-31683AAD23AC}.Debug|Any CPU.Build.0 = Debug|Any CPU
		{2D7A540C-08BA-4A71-A52F-31683AAD23AC}.Release|Any CPU.ActiveCfg = Release|Any CPU
		{2D7A540C-08BA-4A71-A52F-31683AAD23AC}.Release|Any CPU.Build.0 = Release|Any CPU
	EndGlobalSection
	GlobalSection(SolutionProperties) = preSolution
		HideSolutionNode = FALSE
	EndGlobalSection
	GlobalSection(ExtensibilityGlobals) = postSolution
		SolutionGuid = {B3D3793B-DF30-4CFB-BBC8-D07D1C1A7C15}
	EndGlobalSection
EndGlobal
